
Microsoft Visual Studio Solution File, Format Version 12.00
# Visual Studio Version 17
VisualStudioVersion = 17.11.35303.130
MinimumVisualStudioVersion = 10.0.40219.1
Project("{FAE04EC0-301F-11D3-BF4B-00C04F79EFBC}") = "Company.G04.PL", "Company.G04.PL\Company.G04.PL.csproj", "{9B05BEC8-50B5-40E6-9CFA-DE38414A2D79}"
EndProject
Project("{FAE04EC0-301F-11D3-BF4B-00C04F79EFBC}") = "Company.G04.DAL", "Company.G04.DAL\Company.G04.DAL.csproj", "{76F0C5A0-DA21-4C77-95F3-04099A4A3902}"
EndProject
Project("{FAE04EC0-301F-11D3-BF4B-00C04F79EFBC}") = "Company.G04.BLL", "Company.G04.BLL\Company.G04.BLL.csproj", "{8F04F0DD-EE24-47D5-B374-814E0CB72576}"
EndProject
Global
	GlobalSection(SolutionConfigurationPlatforms) = preSolution
		Debug|Any CPU = Debug|Any CPU
		Release|Any CPU = Release|Any CPU
	EndGlobalSection
	GlobalSection(ProjectConfigurationPlatforms) = postSolution
		{9B05BEC8-50B5-40E6-9CFA-DE38414A2D79}.Debug|Any CPU.ActiveCfg = Debug|Any CPU
		{9B05BEC8-50B5-40E6-9CFA-DE38414A2D79}.Debug|Any CPU.Build.0 = Debug|Any CPU
		{9B05BEC8-50B5-40E6-9CFA-DE38414A2D79}.Release|Any CPU.ActiveCfg = Release|Any CPU
		{9B05BEC8-50B5-40E6-9CFA-DE38414A2D79}.Release|Any CPU.Build.0 = Release|Any CPU
		{76F0C5A0-DA21-4C77-95F3-04099A4A3902}.Debug|Any CPU.ActiveCfg = Debug|Any CPU
		{76F0C5A0-DA21-4C77-95F3-04099A4A3902}.Debug|Any CPU.Build.0 = Debug|Any CPU
		{76F0C5A0-DA21-4C77-95F3-04099A4A3902}.Release|Any CPU.ActiveCfg = Release|Any CPU
		{76F0C5A0-DA21-4C77-95F3-04099A4A3902}.Release|Any CPU.Build.0 = Release|Any CPU
		{8F04F0DD-EE24-47D5-B374-814E0CB72576}.Debug|Any CPU.ActiveCfg = Debug|Any CPU
		{8F04F0DD-EE24-47D5-B374-814E0CB72576}.Debug|Any CPU.Build.0 = Debug|Any CPU
		{8F04F0DD-EE24-47D5-B374-814E0CB72576}.Release|Any CPU.ActiveCfg = Release|Any CPU
		{8F04F0DD-EE24-47D5-B374-814E0CB72576}.Release|Any CPU.Build.0 = Release|Any CPU
	EndGlobalSection
	GlobalSection(SolutionProperties) = preSolution
		HideSolutionNode = FALSE
	EndGlobalSection
	GlobalSection(ExtensibilityGlobals) = postSolution
		SolutionGuid = {9414A4F1-1E80-44EB-90C0-AFBCD5BE271C}
	EndGlobalSection
EndGlobal
